
Microsoft Visual Studio Solution File, Format Version 12.00
# Visual Studio Version 17
VisualStudioVersion = 17.7.34221.43
MinimumVisualStudioVersion = 10.0.40219.1
Project("{9A19103F-16F7-4668-BE54-9A1E7A4F7556}") = "ADS", "ADS\ADS.csproj", "{363897BF-F88B-4F2B-9B8A-3DDA122E3FE8}"
EndProject
Project("{2150E333-8FDC-42A3-9474-1A3956D46DE8}") = "Design Patterns", "Design Patterns", "{2F1AD541-6BB0-4744-9BBA-A960E294E576}"
EndProject
Project("{2150E333-8FDC-42A3-9474-1A3956D46DE8}") = "Behavioral Design Pattern", "Behavioral Design Pattern", "{48C558B4-9057-4E3B-9197-A89BDB6FC4DA}"
EndProject
Project("{FAE04EC0-301F-11D3-BF4B-00C04F79EFBC}") = "StrategyPattern", "StrategyPattern\StrategyPattern.csproj", "{657C6482-818D-4D84-AABE-9A958553515D}"
EndProject
Global
	GlobalSection(SolutionConfigurationPlatforms) = preSolution
		Debug|Any CPU = Debug|Any CPU
		Release|Any CPU = Release|Any CPU
	EndGlobalSection
	GlobalSection(ProjectConfigurationPlatforms) = postSolution
		{363897BF-F88B-4F2B-9B8A-3DDA122E3FE8}.Debug|Any CPU.ActiveCfg = Debug|Any CPU
		{363897BF-F88B-4F2B-9B8A-3DDA122E3FE8}.Debug|Any CPU.Build.0 = Debug|Any CPU
		{363897BF-F88B-4F2B-9B8A-3DDA122E3FE8}.Release|Any CPU.ActiveCfg = Release|Any CPU
		{363897BF-F88B-4F2B-9B8A-3DDA122E3FE8}.Release|Any CPU.Build.0 = Release|Any CPU
		{657C6482-818D-4D84-AABE-9A958553515D}.Debug|Any CPU.ActiveCfg = Debug|Any CPU
		{657C6482-818D-4D84-AABE-9A958553515D}.Debug|Any CPU.Build.0 = Debug|Any CPU
		{657C6482-818D-4D84-AABE-9A958553515D}.Release|Any CPU.ActiveCfg = Release|Any CPU
		{657C6482-818D-4D84-AABE-9A958553515D}.Release|Any CPU.Build.0 = Release|Any CPU
	EndGlobalSection
	GlobalSection(SolutionProperties) = preSolution
		HideSolutionNode = FALSE
	EndGlobalSection
	GlobalSection(NestedProjects) = preSolution
		{48C558B4-9057-4E3B-9197-A89BDB6FC4DA} = {2F1AD541-6BB0-4744-9BBA-A960E294E576}
		{657C6482-818D-4D84-AABE-9A958553515D} = {48C558B4-9057-4E3B-9197-A89BDB6FC4DA}
	EndGlobalSection
	GlobalSection(ExtensibilityGlobals) = postSolution
		SolutionGuid = {3CCA9132-17F8-4496-BF65-E52BCAA172C5}
	EndGlobalSection
EndGlobal
